stages:
  bronze:
    outs:
      - path: data/bronze/bronze_all.csv
        md5: 630E006AD7E5F21C683F9C736D3E45ED
  silver:
    outs:
      - path: data/silver/silver_all.csv
        md5: 630E006AD7E5F21C683F9C736D3E45ED
  gold:
    outs:
      - path: data/gold/gold.csv
        md5: 1BA8B7AAB042AF87D35F901999A8101E

